
Microsoft Visual Studio Solution File, Format Version 12.00
# Visual Studio Express 2013 for Windows Desktop
VisualStudioVersion = 12.0.21005.1
MinimumVisualStudioVersion = 10.0.40219.1
Project("{FAE04EC0-301F-11D3-BF4B-00C04F79EFBC}") = "WinUglifier", "WinUglifier\WinUglifier.csproj", "{30ABFA9E-A9FC-4CB9-BDFA-8B5040060B82}"
EndProject
Project("{FAE04EC0-301F-11D3-BF4B-00C04F79EFBC}") = "WinUglifier.Plugin", "WinUglifier.Plugin\WinUglifier.Plugin.csproj", "{E01DEA1B-2DDE-4C18-AFC1-E35389BB74DC}"
EndProject
Project("{FAE04EC0-301F-11D3-BF4B-00C04F79EFBC}") = "WinUglifier.Plugin.YUI.js", "WinUglifier.Plugin.YUI.js\WinUglifier.Plugin.YUI.js.csproj", "{52032B61-B9C7-4009-B320-90029547BB1A}"
EndProject
Project("{FAE04EC0-301F-11D3-BF4B-00C04F79EFBC}") = "WinUglifier.Plugin.YUI.css", "WinUglifier.Plugin.YUI.css\WinUglifier.Plugin.YUI.css.csproj", "{97243DBE-8AC4-46AF-92E1-77ECAAEC4DBF}"
EndProject
Project("{FAE04EC0-301F-11D3-BF4B-00C04F79EFBC}") = "WinUglifierTest", "WinUglifierTest\WinUglifierTest.csproj", "{D759E750-010A-4854-8FA5-DD38F1110667}"
EndProject
Global
	GlobalSection(SolutionConfigurationPlatforms) = preSolution
		Debug|Any CPU = Debug|Any CPU
		Release|Any CPU = Release|Any CPU
	EndGlobalSection
	GlobalSection(ProjectConfigurationPlatforms) = postSolution
		{30ABFA9E-A9FC-4CB9-BDFA-8B5040060B82}.Debug|Any CPU.ActiveCfg = Debug|Any CPU
		{30ABFA9E-A9FC-4CB9-BDFA-8B5040060B82}.Debug|Any CPU.Build.0 = Debug|Any CPU
		{30ABFA9E-A9FC-4CB9-BDFA-8B5040060B82}.Release|Any CPU.ActiveCfg = Release|Any CPU
		{30ABFA9E-A9FC-4CB9-BDFA-8B5040060B82}.Release|Any CPU.Build.0 = Release|Any CPU
		{E01DEA1B-2DDE-4C18-AFC1-E35389BB74DC}.Debug|Any CPU.ActiveCfg = Debug|Any CPU
		{E01DEA1B-2DDE-4C18-AFC1-E35389BB74DC}.Debug|Any CPU.Build.0 = Debug|Any CPU
		{E01DEA1B-2DDE-4C18-AFC1-E35389BB74DC}.Release|Any CPU.ActiveCfg = Release|Any CPU
		{E01DEA1B-2DDE-4C18-AFC1-E35389BB74DC}.Release|Any CPU.Build.0 = Release|Any CPU
		{52032B61-B9C7-4009-B320-90029547BB1A}.Debug|Any CPU.ActiveCfg = Debug|Any CPU
		{52032B61-B9C7-4009-B320-90029547BB1A}.Debug|Any CPU.Build.0 = Debug|Any CPU
		{52032B61-B9C7-4009-B320-90029547BB1A}.Release|Any CPU.ActiveCfg = Release|Any CPU
		{52032B61-B9C7-4009-B320-90029547BB1A}.Release|Any CPU.Build.0 = Release|Any CPU
		{97243DBE-8AC4-46AF-92E1-77ECAAEC4DBF}.Debug|Any CPU.ActiveCfg = Debug|Any CPU
		{97243DBE-8AC4-46AF-92E1-77ECAAEC4DBF}.Debug|Any CPU.Build.0 = Debug|Any CPU
		{97243DBE-8AC4-46AF-92E1-77ECAAEC4DBF}.Release|Any CPU.ActiveCfg = Release|Any CPU
		{97243DBE-8AC4-46AF-92E1-77ECAAEC4DBF}.Release|Any CPU.Build.0 = Release|Any CPU
		{D759E750-010A-4854-8FA5-DD38F1110667}.Debug|Any CPU.ActiveCfg = Debug|Any CPU
		{D759E750-010A-4854-8FA5-DD38F1110667}.Debug|Any CPU.Build.0 = Debug|Any CPU
		{D759E750-010A-4854-8FA5-DD38F1110667}.Release|Any CPU.ActiveCfg = Release|Any CPU
		{D759E750-010A-4854-8FA5-DD38F1110667}.Release|Any CPU.Build.0 = Release|Any CPU
	EndGlobalSection
	GlobalSection(SolutionProperties) = preSolution
		HideSolutionNode = FALSE
	EndGlobalSection
EndGlobal
